
Microsoft Visual Studio Solution File, Format Version 12.00
# Visual Studio Version 17
VisualStudioVersion = 17.3.32929.385
MinimumVisualStudioVersion = 10.0.40219.1
Project("{FAE04EC0-301F-11D3-BF4B-00C04F79EFBC}") = "projetCoffee1", "projetCoffee1.csproj", "{ECF28516-E030-4BE0-82FF-2F8EF817EC16}"
EndProject
Global
	GlobalSection(SolutionConfigurationPlatforms) = preSolution
		Debug|Any CPU = Debug|Any CPU
		Release|Any CPU = Release|Any CPU
	EndGlobalSection
	GlobalSection(ProjectConfigurationPlatforms) = postSolution
		{ECF28516-E030-4BE0-82FF-2F8EF817EC16}.Debug|Any CPU.ActiveCfg = Debug|Any CPU
		{ECF28516-E030-4BE0-82FF-2F8EF817EC16}.Debug|Any CPU.Build.0 = Debug|Any CPU
		{ECF28516-E030-4BE0-82FF-2F8EF817EC16}.Release|Any CPU.ActiveCfg = Release|Any CPU
		{ECF28516-E030-4BE0-82FF-2F8EF817EC16}.Release|Any CPU.Build.0 = Release|Any CPU
	EndGlobalSection
	GlobalSection(SolutionProperties) = preSolution
		HideSolutionNode = FALSE
	EndGlobalSection
	GlobalSection(ExtensibilityGlobals) = postSolution
		SolutionGuid = {0393B09B-C76A-49E8-92E4-7DE9EAC83A3C}
	EndGlobalSection
EndGlobal
